
Microsoft Visual Studio Solution File, Format Version 12.00
# Visual Studio Version 16
VisualStudioVersion = 16.0.31515.178
MinimumVisualStudioVersion = 10.0.40219.1
Project("{9A19103F-16F7-4668-BE54-9A1E7A4F7556}") = "Start", "Giraffe\Start.csproj", "{B36B465E-A688-4151-9814-0D764E2E5D2E}"
EndProject
Project("{9A19103F-16F7-4668-BE54-9A1E7A4F7556}") = "Variables", "variables\Variables.csproj", "{834B6C3F-FEE4-4C3B-AB1D-5F89AA705E43}"
EndProject
Project("{9A19103F-16F7-4668-BE54-9A1E7A4F7556}") = "DataTypes", "Data Types\DataTypes.csproj", "{14F1D009-7767-4640-B4A6-1AE9C5B3D554}"
EndProject
Project("{9A19103F-16F7-4668-BE54-9A1E7A4F7556}") = "Strings", "Strings\Strings.csproj", "{82D1978F-343B-478C-A9BC-164D25D33FAF}"
EndProject
Project("{9A19103F-16F7-4668-BE54-9A1E7A4F7556}") = "Numbers", "Numbers\Numbers.csproj", "{5BFDDE49-AC65-4D51-9C71-8F1455EC95CA}"
EndProject
Project("{9A19103F-16F7-4668-BE54-9A1E7A4F7556}") = "UserInput", "UserInput\UserInput.csproj", "{758D2342-985C-468B-B9A9-E44EBF8DC176}"
EndProject
Project("{9A19103F-16F7-4668-BE54-9A1E7A4F7556}") = "calculator", "calculator\calculator.csproj", "{3AC61A9F-E8D8-45F1-92B9-096118D372EA}"
EndProject
Project("{9A19103F-16F7-4668-BE54-9A1E7A4F7556}") = "MadLibsGame", "MadLibsGame\MadLibsGame.csproj", "{7979A795-A07B-41E7-A88A-DD0C56446332}"
EndProject
Project("{9A19103F-16F7-4668-BE54-9A1E7A4F7556}") = "Arrays", "Arrays\Arrays.csproj", "{C55AF05F-C177-4443-B0BB-8A20ADBE5AA3}"
EndProject
Project("{9A19103F-16F7-4668-BE54-9A1E7A4F7556}") = "Methods", "Methods\Methods.csproj", "{67BCC6C5-79CE-47A5-899A-16693E83FBC1}"
EndProject
Project("{9A19103F-16F7-4668-BE54-9A1E7A4F7556}") = "returnStatements", "returnStatements\returnStatements.csproj", "{818538F5-CBF1-4E8B-9911-1A1DFEF6E3D1}"
EndProject
Project("{9A19103F-16F7-4668-BE54-9A1E7A4F7556}") = "ifStatements", "ifStatements\ifStatements.csproj", "{786567DE-3C6B-4941-B7B5-859085E134FD}"
EndProject
Project("{9A19103F-16F7-4668-BE54-9A1E7A4F7556}") = "comparisons_if_statements", "comparisons_if_statements\comparisons_if_statements.csproj", "{A0493DA1-820E-4091-B941-14DDC30CABA8}"
EndProject
Project("{9A19103F-16F7-4668-BE54-9A1E7A4F7556}") = "building_a_better_calculator", "building_a_better_calculator\building_a_better_calculator.csproj", "{9F8E9AE1-15A2-47A7-A791-6978E4D3117B}"
EndProject
Project("{9A19103F-16F7-4668-BE54-9A1E7A4F7556}") = "Switch Statements", "Switch Statements\Switch Statements.csproj", "{7D5E4890-C775-42A5-8FEB-951B7B9BFAAD}"
EndProject
Project("{9A19103F-16F7-4668-BE54-9A1E7A4F7556}") = "while_loops", "while_loops\while_loops.csproj", "{2ADAC809-D25F-4AA3-9669-2C6FBBEE4B99}"
EndProject
Project("{9A19103F-16F7-4668-BE54-9A1E7A4F7556}") = "Build_guessing_game", "Build_guessing_game\Build_guessing_game.csproj", "{DF214766-7914-49C5-81D1-1C742CEFDCE7}"
EndProject
Project("{9A19103F-16F7-4668-BE54-9A1E7A4F7556}") = "for_loop", "for_loop\for_loop.csproj", "{5003C0F6-7E94-426C-A038-7F78B102645E}"
EndProject
Project("{9A19103F-16F7-4668-BE54-9A1E7A4F7556}") = "build_an_exponent_method", "build_an_exponent_method\build_an_exponent_method.csproj", "{04A20A78-2178-48A2-B675-1E202B0175E1}"
EndProject
Project("{9A19103F-16F7-4668-BE54-9A1E7A4F7556}") = "2D_array", "2D_array\2D_array.csproj", "{8356B34C-ECB6-463D-B0A4-0FFF1D7C660B}"
EndProject
Project("{9A19103F-16F7-4668-BE54-9A1E7A4F7556}") = "Comments", "Comments\Comments.csproj", "{5CFEEBC2-5F66-4E43-931F-A9E790F8A555}"
EndProject
Project("{9A19103F-16F7-4668-BE54-9A1E7A4F7556}") = "ExceptionHandling", "ExceptionHandling\ExceptionHandling.csproj", "{1A598C4D-4642-428A-8BB0-ED729B7AD4DE}"
EndProject
Project("{9A19103F-16F7-4668-BE54-9A1E7A4F7556}") = "ClassesAndObjects", "ClassesAndObjects\ClassesAndObjects.csproj", "{F2E1053B-8898-414D-9596-FA46189373DD}"
EndProject
Project("{FAE04EC0-301F-11D3-BF4B-00C04F79EFBC}") = "Inheritance", "Inheritance\Inheritance.csproj", "{C38F9A4F-6ACB-460A-865D-3C5C8D1709CF}"
EndProject
Global
	GlobalSection(SolutionConfigurationPlatforms) = preSolution
		Debug|Any CPU = Debug|Any CPU
		Release|Any CPU = Release|Any CPU
	EndGlobalSection
	GlobalSection(ProjectConfigurationPlatforms) = postSolution
		{B36B465E-A688-4151-9814-0D764E2E5D2E}.Debug|Any CPU.ActiveCfg = Debug|Any CPU
		{B36B465E-A688-4151-9814-0D764E2E5D2E}.Debug|Any CPU.Build.0 = Debug|Any CPU
		{B36B465E-A688-4151-9814-0D764E2E5D2E}.Release|Any CPU.ActiveCfg = Release|Any CPU
		{B36B465E-A688-4151-9814-0D764E2E5D2E}.Release|Any CPU.Build.0 = Release|Any CPU
		{834B6C3F-FEE4-4C3B-AB1D-5F89AA705E43}.Debug|Any CPU.ActiveCfg = Debug|Any CPU
		{834B6C3F-FEE4-4C3B-AB1D-5F89AA705E43}.Debug|Any CPU.Build.0 = Debug|Any CPU
		{834B6C3F-FEE4-4C3B-AB1D-5F89AA705E43}.Release|Any CPU.ActiveCfg = Release|Any CPU
		{834B6C3F-FEE4-4C3B-AB1D-5F89AA705E43}.Release|Any CPU.Build.0 = Release|Any CPU
		{14F1D009-7767-4640-B4A6-1AE9C5B3D554}.Debug|Any CPU.ActiveCfg = Debug|Any CPU
		{14F1D009-7767-4640-B4A6-1AE9C5B3D554}.Debug|Any CPU.Build.0 = Debug|Any CPU
		{14F1D009-7767-4640-B4A6-1AE9C5B3D554}.Release|Any CPU.ActiveCfg = Release|Any CPU
		{14F1D009-7767-4640-B4A6-1AE9C5B3D554}.Release|Any CPU.Build.0 = Release|Any CPU
		{82D1978F-343B-478C-A9BC-164D25D33FAF}.Debug|Any CPU.ActiveCfg = Debug|Any CPU
		{82D1978F-343B-478C-A9BC-164D25D33FAF}.Debug|Any CPU.Build.0 = Debug|Any CPU
		{82D1978F-343B-478C-A9BC-164D25D33FAF}.Release|Any CPU.ActiveCfg = Release|Any CPU
		{82D1978F-343B-478C-A9BC-164D25D33FAF}.Release|Any CPU.Build.0 = Release|Any CPU
		{5BFDDE49-AC65-4D51-9C71-8F1455EC95CA}.Debug|Any CPU.ActiveCfg = Debug|Any CPU
		{5BFDDE49-AC65-4D51-9C71-8F1455EC95CA}.Debug|Any CPU.Build.0 = Debug|Any CPU
		{5BFDDE49-AC65-4D51-9C71-8F1455EC95CA}.Release|Any CPU.ActiveCfg = Release|Any CPU
		{5BFDDE49-AC65-4D51-9C71-8F1455EC95CA}.Release|Any CPU.Build.0 = Release|Any CPU
		{758D2342-985C-468B-B9A9-E44EBF8DC176}.Debug|Any CPU.ActiveCfg = Debug|Any CPU
		{758D2342-985C-468B-B9A9-E44EBF8DC176}.Debug|Any CPU.Build.0 = Debug|Any CPU
		{758D2342-985C-468B-B9A9-E44EBF8DC176}.Release|Any CPU.ActiveCfg = Release|Any CPU
		{758D2342-985C-468B-B9A9-E44EBF8DC176}.Release|Any CPU.Build.0 = Release|Any CPU
		{3AC61A9F-E8D8-45F1-92B9-096118D372EA}.Debug|Any CPU.ActiveCfg = Debug|Any CPU
		{3AC61A9F-E8D8-45F1-92B9-096118D372EA}.Debug|Any CPU.Build.0 = Debug|Any CPU
		{3AC61A9F-E8D8-45F1-92B9-096118D372EA}.Release|Any CPU.ActiveCfg = Release|Any CPU
		{3AC61A9F-E8D8-45F1-92B9-096118D372EA}.Release|Any CPU.Build.0 = Release|Any CPU
		{7979A795-A07B-41E7-A88A-DD0C56446332}.Debug|Any CPU.ActiveCfg = Debug|Any CPU
		{7979A795-A07B-41E7-A88A-DD0C56446332}.Debug|Any CPU.Build.0 = Debug|Any CPU
		{7979A795-A07B-41E7-A88A-DD0C56446332}.Release|Any CPU.ActiveCfg = Release|Any CPU
		{7979A795-A07B-41E7-A88A-DD0C56446332}.Release|Any CPU.Build.0 = Release|Any CPU
		{C55AF05F-C177-4443-B0BB-8A20ADBE5AA3}.Debug|Any CPU.ActiveCfg = Debug|Any CPU
		{C55AF05F-C177-4443-B0BB-8A20ADBE5AA3}.Debug|Any CPU.Build.0 = Debug|Any CPU
		{C55AF05F-C177-4443-B0BB-8A20ADBE5AA3}.Release|Any CPU.ActiveCfg = Release|Any CPU
		{C55AF05F-C177-4443-B0BB-8A20ADBE5AA3}.Release|Any CPU.Build.0 = Release|Any CPU
		{67BCC6C5-79CE-47A5-899A-16693E83FBC1}.Debug|Any CPU.ActiveCfg = Debug|Any CPU
		{67BCC6C5-79CE-47A5-899A-16693E83FBC1}.Debug|Any CPU.Build.0 = Debug|Any CPU
		{67BCC6C5-79CE-47A5-899A-16693E83FBC1}.Release|Any CPU.ActiveCfg = Release|Any CPU
		{67BCC6C5-79CE-47A5-899A-16693E83FBC1}.Release|Any CPU.Build.0 = Release|Any CPU
		{818538F5-CBF1-4E8B-9911-1A1DFEF6E3D1}.Debug|Any CPU.ActiveCfg = Debug|Any CPU
		{818538F5-CBF1-4E8B-9911-1A1DFEF6E3D1}.Debug|Any CPU.Build.0 = Debug|Any CPU
		{818538F5-CBF1-4E8B-9911-1A1DFEF6E3D1}.Release|Any CPU.ActiveCfg = Release|Any CPU
		{818538F5-CBF1-4E8B-9911-1A1DFEF6E3D1}.Release|Any CPU.Build.0 = Release|Any CPU
		{786567DE-3C6B-4941-B7B5-859085E134FD}.Debug|Any CPU.ActiveCfg = Debug|Any CPU
		{786567DE-3C6B-4941-B7B5-859085E134FD}.Debug|Any CPU.Build.0 = Debug|Any CPU
		{786567DE-3C6B-4941-B7B5-859085E134FD}.Release|Any CPU.ActiveCfg = Release|Any CPU
		{786567DE-3C6B-4941-B7B5-859085E134FD}.Release|Any CPU.Build.0 = Release|Any CPU
		{A0493DA1-820E-4091-B941-14DDC30CABA8}.Debug|Any CPU.ActiveCfg = Debug|Any CPU
		{A0493DA1-820E-4091-B941-14DDC30CABA8}.Debug|Any CPU.Build.0 = Debug|Any CPU
		{A0493DA1-820E-4091-B941-14DDC30CABA8}.Release|Any CPU.ActiveCfg = Release|Any CPU
		{A0493DA1-820E-4091-B941-14DDC30CABA8}.Release|Any CPU.Build.0 = Release|Any CPU
		{9F8E9AE1-15A2-47A7-A791-6978E4D3117B}.Debug|Any CPU.ActiveCfg = Debug|Any CPU
		{9F8E9AE1-15A2-47A7-A791-6978E4D3117B}.Debug|Any CPU.Build.0 = Debug|Any CPU
		{9F8E9AE1-15A2-47A7-A791-6978E4D3117B}.Release|Any CPU.ActiveCfg = Release|Any CPU
		{9F8E9AE1-15A2-47A7-A791-6978E4D3117B}.Release|Any CPU.Build.0 = Release|Any CPU
		{7D5E4890-C775-42A5-8FEB-951B7B9BFAAD}.Debug|Any CPU.ActiveCfg = Debug|Any CPU
		{7D5E4890-C775-42A5-8FEB-951B7B9BFAAD}.Debug|Any CPU.Build.0 = Debug|Any CPU
		{7D5E4890-C775-42A5-8FEB-951B7B9BFAAD}.Release|Any CPU.ActiveCfg = Release|Any CPU
		{7D5E4890-C775-42A5-8FEB-951B7B9BFAAD}.Release|Any CPU.Build.0 = Release|Any CPU
		{2ADAC809-D25F-4AA3-9669-2C6FBBEE4B99}.Debug|Any CPU.ActiveCfg = Debug|Any CPU
		{2ADAC809-D25F-4AA3-9669-2C6FBBEE4B99}.Debug|Any CPU.Build.0 = Debug|Any CPU
		{2ADAC809-D25F-4AA3-9669-2C6FBBEE4B99}.Release|Any CPU.ActiveCfg = Release|Any CPU
		{2ADAC809-D25F-4AA3-9669-2C6FBBEE4B99}.Release|Any CPU.Build.0 = Release|Any CPU
		{DF214766-7914-49C5-81D1-1C742CEFDCE7}.Debug|Any CPU.ActiveCfg = Debug|Any CPU
		{DF214766-7914-49C5-81D1-1C742CEFDCE7}.Debug|Any CPU.Build.0 = Debug|Any CPU
		{DF214766-7914-49C5-81D1-1C742CEFDCE7}.Release|Any CPU.ActiveCfg = Release|Any CPU
		{DF214766-7914-49C5-81D1-1C742CEFDCE7}.Release|Any CPU.Build.0 = Release|Any CPU
		{5003C0F6-7E94-426C-A038-7F78B102645E}.Debug|Any CPU.ActiveCfg = Debug|Any CPU
		{5003C0F6-7E94-426C-A038-7F78B102645E}.Debug|Any CPU.Build.0 = Debug|Any CPU
		{5003C0F6-7E94-426C-A038-7F78B102645E}.Release|Any CPU.ActiveCfg = Release|Any CPU
		{5003C0F6-7E94-426C-A038-7F78B102645E}.Release|Any CPU.Build.0 = Release|Any CPU
		{04A20A78-2178-48A2-B675-1E202B0175E1}.Debug|Any CPU.ActiveCfg = Debug|Any CPU
		{04A20A78-2178-48A2-B675-1E202B0175E1}.Debug|Any CPU.Build.0 = Debug|Any CPU
		{04A20A78-2178-48A2-B675-1E202B0175E1}.Release|Any CPU.ActiveCfg = Release|Any CPU
		{04A20A78-2178-48A2-B675-1E202B0175E1}.Release|Any CPU.Build.0 = Release|Any CPU
		{8356B34C-ECB6-463D-B0A4-0FFF1D7C660B}.Debug|Any CPU.ActiveCfg = Debug|Any CPU
		{8356B34C-ECB6-463D-B0A4-0FFF1D7C660B}.Debug|Any CPU.Build.0 = Debug|Any CPU
		{8356B34C-ECB6-463D-B0A4-0FFF1D7C660B}.Release|Any CPU.ActiveCfg = Release|Any CPU
		{8356B34C-ECB6-463D-B0A4-0FFF1D7C660B}.Release|Any CPU.Build.0 = Release|Any CPU
		{5CFEEBC2-5F66-4E43-931F-A9E790F8A555}.Debug|Any CPU.ActiveCfg = Debug|Any CPU
		{5CFEEBC2-5F66-4E43-931F-A9E790F8A555}.Debug|Any CPU.Build.0 = Debug|Any CPU
		{5CFEEBC2-5F66-4E43-931F-A9E790F8A555}.Release|Any CPU.ActiveCfg = Release|Any CPU
		{5CFEEBC2-5F66-4E43-931F-A9E790F8A555}.Release|Any CPU.Build.0 = Release|Any CPU
		{1A598C4D-4642-428A-8BB0-ED729B7AD4DE}.Debug|Any CPU.ActiveCfg = Debug|Any CPU
		{1A598C4D-4642-428A-8BB0-ED729B7AD4DE}.Debug|Any CPU.Build.0 = Debug|Any CPU
		{1A598C4D-4642-428A-8BB0-ED729B7AD4DE}.Release|Any CPU.ActiveCfg = Release|Any CPU
		{1A598C4D-4642-428A-8BB0-ED729B7AD4DE}.Release|Any CPU.Build.0 = Release|Any CPU
		{F2E1053B-8898-414D-9596-FA46189373DD}.Debug|Any CPU.ActiveCfg = Debug|Any CPU
		{F2E1053B-8898-414D-9596-FA46189373DD}.Debug|Any CPU.Build.0 = Debug|Any CPU
		{F2E1053B-8898-414D-9596-FA46189373DD}.Release|Any CPU.ActiveCfg = Release|Any CPU
		{F2E1053B-8898-414D-9596-FA46189373DD}.Release|Any CPU.Build.0 = Release|Any CPU
		{C38F9A4F-6ACB-460A-865D-3C5C8D1709CF}.Debug|Any CPU.ActiveCfg = Debug|Any CPU
		{C38F9A4F-6ACB-460A-865D-3C5C8D1709CF}.Debug|Any CPU.Build.0 = Debug|Any CPU
		{C38F9A4F-6ACB-460A-865D-3C5C8D1709CF}.Release|Any CPU.ActiveCfg = Release|Any CPU
		{C38F9A4F-6ACB-460A-865D-3C5C8D1709CF}.Release|Any CPU.Build.0 = Release|Any CPU
	EndGlobalSection
	GlobalSection(SolutionProperties) = preSolution
		HideSolutionNode = FALSE
	EndGlobalSection
	GlobalSection(ExtensibilityGlobals) = postSolution
		SolutionGuid = {8C688C17-4764-4572-AC1B-A01F6DEB35B2}
	EndGlobalSection
EndGlobal
